
Microsoft Visual Studio Solution File, Format Version 12.00
# Visual Studio Version 16
VisualStudioVersion = 16.0.33027.164
MinimumVisualStudioVersion = 10.0.40219.1
Project("{FAE04EC0-301F-11D3-BF4B-00C04F79EFBC}") = "EasyRent", "EasyRent\EasyRent.csproj", "{74267544-9F35-4504-9935-1D673B3EB3DD}"
EndProject
Global
	GlobalSection(SolutionConfigurationPlatforms) = preSolution
		Debug|Any CPU = Debug|Any CPU
		Release|Any CPU = Release|Any CPU
	EndGlobalSection
	GlobalSection(ProjectConfigurationPlatforms) = postSolution
		{74267544-9F35-4504-9935-1D673B3EB3DD}.Debug|Any CPU.ActiveCfg = Debug|Any CPU
		{74267544-9F35-4504-9935-1D673B3EB3DD}.Debug|Any CPU.Build.0 = Debug|Any CPU
		{74267544-9F35-4504-9935-1D673B3EB3DD}.Release|Any CPU.ActiveCfg = Release|Any CPU
		{74267544-9F35-4504-9935-1D673B3EB3DD}.Release|Any CPU.Build.0 = Release|Any CPU
	EndGlobalSection
	GlobalSection(SolutionProperties) = preSolution
		HideSolutionNode = FALSE
	EndGlobalSection
	GlobalSection(ExtensibilityGlobals) = postSolution
		SolutionGuid = {69E19233-3EC6-4381-BF8B-40241822D965}
	EndGlobalSection
EndGlobal
